
Microsoft Visual Studio Solution File, Format Version 12.00
# Visual Studio 2013
VisualStudioVersion = 12.0.40629.0
MinimumVisualStudioVersion = 10.0.40219.1
Project("{FAE04EC0-301F-11D3-BF4B-00C04F79EFBC}") = "calculator", "calculator\calculator.csproj", "{BAC6C41A-D195-4BE4-9811-D54E124EE082}"
EndProject
Project("{FAE04EC0-301F-11D3-BF4B-00C04F79EFBC}") = "calculator.Tests", "calculator.Tests\calculator.Tests.csproj", "{2EBE7EF7-6FF4-456D-BD1D-F5B994949561}"
EndProject
Global
	GlobalSection(SolutionConfigurationPlatforms) = preSolution
		Debug|Any CPU = Debug|Any CPU
		Release|Any CPU = Release|Any CPU
	EndGlobalSection
	GlobalSection(ProjectConfigurationPlatforms) = postSolution
		{BAC6C41A-D195-4BE4-9811-D54E124EE082}.Debug|Any CPU.ActiveCfg = Debug|Any CPU
		{BAC6C41A-D195-4BE4-9811-D54E124EE082}.Debug|Any CPU.Build.0 = Debug|Any CPU
		{BAC6C41A-D195-4BE4-9811-D54E124EE082}.Release|Any CPU.ActiveCfg = Release|Any CPU
		{BAC6C41A-D195-4BE4-9811-D54E124EE082}.Release|Any CPU.Build.0 = Release|Any CPU
		{2EBE7EF7-6FF4-456D-BD1D-F5B994949561}.Debug|Any CPU.ActiveCfg = Debug|Any CPU
		{2EBE7EF7-6FF4-456D-BD1D-F5B994949561}.Debug|Any CPU.Build.0 = Debug|Any CPU
		{2EBE7EF7-6FF4-456D-BD1D-F5B994949561}.Release|Any CPU.ActiveCfg = Release|Any CPU
		{2EBE7EF7-6FF4-456D-BD1D-F5B994949561}.Release|Any CPU.Build.0 = Release|Any CPU
	EndGlobalSection
	GlobalSection(SolutionProperties) = preSolution
		HideSolutionNode = FALSE
	EndGlobalSection
EndGlobal
